
Microsoft Visual Studio Solution File, Format Version 12.00
# Visual Studio Version 17
VisualStudioVersion = 17.0.31903.59
MinimumVisualStudioVersion = 10.0.40219.1
Project("{FAE04EC0-301F-11D3-BF4B-00C04F79EFBC}") = "Kata.UnitTests", "Kata.UnitTests\Kata.UnitTests.csproj", "{951909F3-C6DB-4D0D-AF9A-EBB890ECC4AF}"
EndProject
Project("{FAE04EC0-301F-11D3-BF4B-00C04F79EFBC}") = "Kata", "Kata\Kata.csproj", "{BA574E10-394B-43EC-AAC9-1084FAB4662C}"
EndProject
Global
	GlobalSection(SolutionConfigurationPlatforms) = preSolution
		Debug|Any CPU = Debug|Any CPU
		Debug|x64 = Debug|x64
		Debug|x86 = Debug|x86
		Release|Any CPU = Release|Any CPU
		Release|x64 = Release|x64
		Release|x86 = Release|x86
	EndGlobalSection
	GlobalSection(ProjectConfigurationPlatforms) = postSolution
		{951909F3-C6DB-4D0D-AF9A-EBB890ECC4AF}.Debug|Any CPU.ActiveCfg = Debug|Any CPU
		{951909F3-C6DB-4D0D-AF9A-EBB890ECC4AF}.Debug|Any CPU.Build.0 = Debug|Any CPU
		{951909F3-C6DB-4D0D-AF9A-EBB890ECC4AF}.Debug|x64.ActiveCfg = Debug|Any CPU
		{951909F3-C6DB-4D0D-AF9A-EBB890ECC4AF}.Debug|x64.Build.0 = Debug|Any CPU
		{951909F3-C6DB-4D0D-AF9A-EBB890ECC4AF}.Debug|x86.ActiveCfg = Debug|Any CPU
		{951909F3-C6DB-4D0D-AF9A-EBB890ECC4AF}.Debug|x86.Build.0 = Debug|Any CPU
		{951909F3-C6DB-4D0D-AF9A-EBB890ECC4AF}.Release|Any CPU.ActiveCfg = Release|Any CPU
		{951909F3-C6DB-4D0D-AF9A-EBB890ECC4AF}.Release|Any CPU.Build.0 = Release|Any CPU
		{951909F3-C6DB-4D0D-AF9A-EBB890ECC4AF}.Release|x64.ActiveCfg = Release|Any CPU
		{951909F3-C6DB-4D0D-AF9A-EBB890ECC4AF}.Release|x64.Build.0 = Release|Any CPU
		{951909F3-C6DB-4D0D-AF9A-EBB890ECC4AF}.Release|x86.ActiveCfg = Release|Any CPU
		{951909F3-C6DB-4D0D-AF9A-EBB890ECC4AF}.Release|x86.Build.0 = Release|Any CPU
		{BA574E10-394B-43EC-AAC9-1084FAB4662C}.Debug|Any CPU.ActiveCfg = Debug|Any CPU
		{BA574E10-394B-43EC-AAC9-1084FAB4662C}.Debug|Any CPU.Build.0 = Debug|Any CPU
		{BA574E10-394B-43EC-AAC9-1084FAB4662C}.Debug|x64.ActiveCfg = Debug|Any CPU
		{BA574E10-394B-43EC-AAC9-1084FAB4662C}.Debug|x64.Build.0 = Debug|Any CPU
		{BA574E10-394B-43EC-AAC9-1084FAB4662C}.Debug|x86.ActiveCfg = Debug|Any CPU
		{BA574E10-394B-43EC-AAC9-1084FAB4662C}.Debug|x86.Build.0 = Debug|Any CPU
		{BA574E10-394B-43EC-AAC9-1084FAB4662C}.Release|Any CPU.ActiveCfg = Release|Any CPU
		{BA574E10-394B-43EC-AAC9-1084FAB4662C}.Release|Any CPU.Build.0 = Release|Any CPU
		{BA574E10-394B-43EC-AAC9-1084FAB4662C}.Release|x64.ActiveCfg = Release|Any CPU
		{BA574E10-394B-43EC-AAC9-1084FAB4662C}.Release|x64.Build.0 = Release|Any CPU
		{BA574E10-394B-43EC-AAC9-1084FAB4662C}.Release|x86.ActiveCfg = Release|Any CPU
		{BA574E10-394B-43EC-AAC9-1084FAB4662C}.Release|x86.Build.0 = Release|Any CPU
	EndGlobalSection
	GlobalSection(SolutionProperties) = preSolution
		HideSolutionNode = FALSE
	EndGlobalSection
EndGlobal
